// !$*UTF8*$!
{
	archiveVersion = 1;
	classes = {
	};
	objectVersion = 46;
	objects = {

/* Begin PBXBuildFile section */
		180A27421DCC1FD9002ECF63 /* GradientHelper.m in Sources */ = {isa = PBXBuildFile; fileRef = 180A27411DCC1FD9002ECF63 /* GradientHelper.m */; };
		180AB9621DCECDB900054015 /* MoreViewController.m in Sources */ = {isa = PBXBuildFile; fileRef = 180AB9611DCECDB900054015 /* MoreViewController.m */; };
		180AB9661DCECEBC00054015 /* YYAlertViewController.m in Sources */ = {isa = PBXBuildFile; fileRef = 180AB9651DCECEBC00054015 /* YYAlertViewController.m */; };
		180AB9691DCF0CE400054015 /* ConstansManager.m in Sources */ = {isa = PBXBuildFile; fileRef = 180AB9681DCF0CE400054015 /* ConstansManager.m */; };
		181452621DD469F000B60B79 /* Reachability.m in Sources */ = {isa = PBXBuildFile; fileRef = 181452611DD469EF00B60B79 /* Reachability.m */; };
		181452641DD46A1500B60B79 /* SystemConfiguration.framework in Frameworks */ = {isa = PBXBuildFile; fileRef = 181452631DD46A1500B60B79 /* SystemConfiguration.framework */; };
		181659A91DDDC81F007A185C /* View+point.m in Sources */ = {isa = PBXBuildFile; fileRef = 181659A81DDDC81F007A185C /* View+point.m */; };
		1816B9581DCAEF9700077BF4 /* YYButton.m in Sources */ = {isa = PBXBuildFile; fileRef = 1816B9571DCAEF9700077BF4 /* YYButton.m */; };
		181796981D818806000953BF /* FService.m in Sources */ = {isa = PBXBuildFile; fileRef = 181796971D818806000953BF /* FService.m */; };
		182A9D981DD9EDAF004B4884 /* libAudioEngine_64.a in Frameworks */ = {isa = PBXBuildFile; fileRef = 182A9D921DD9EDAF004B4884 /* libAudioEngine_64.a */; };
		182A9D991DD9EDAF004B4884 /* libHCCore.a in Frameworks */ = {isa = PBXBuildFile; fileRef = 182A9D931DD9EDAF004B4884 /* libHCCore.a */; };
		182A9D9A1DD9EDAF004B4884 /* libHCNetSDK.a in Frameworks */ = {isa = PBXBuildFile; fileRef = 182A9D941DD9EDAF004B4884 /* libHCNetSDK.a */; };
		182A9D9B1DD9EDAF004B4884 /* libplayctrl.a in Frameworks */ = {isa = PBXBuildFile; fileRef = 182A9D951DD9EDAF004B4884 /* libplayctrl.a */; };
		182A9D9C1DD9EDAF004B4884 /* libSystemTransform.a in Frameworks */ = {isa = PBXBuildFile; fileRef = 182A9D961DD9EDAF004B4884 /* libSystemTransform.a */; };
		182A9D9D1DD9EDAF004B4884 /* libtinyxml.a in Frameworks */ = {isa = PBXBuildFile; fileRef = 182A9D971DD9EDAF004B4884 /* libtinyxml.a */; };
		182A9DA21DD9EDB7004B4884 /* libHCCore_sim.a in Frameworks */ = {isa = PBXBuildFile; fileRef = 182A9D9E1DD9EDB7004B4884 /* libHCCore_sim.a */; };
		182A9DA31DD9EDB7004B4884 /* libHCNetSDK_sim.a in Frameworks */ = {isa = PBXBuildFile; fileRef = 182A9D9F1DD9EDB7004B4884 /* libHCNetSDK_sim.a */; };
		182A9DA41DD9EDB7004B4884 /* libPlayCtrl_sim.a in Frameworks */ = {isa = PBXBuildFile; fileRef = 182A9DA01DD9EDB7004B4884 /* libPlayCtrl_sim.a */; };
		182A9DA51DD9EDB7004B4884 /* libtinyxml_sim.a in Frameworks */ = {isa = PBXBuildFile; fileRef = 182A9DA11DD9EDB7004B4884 /* libtinyxml_sim.a */; };
		1836931D1D962C6D00353868 /* YYStatusView.m in Sources */ = {isa = PBXBuildFile; fileRef = 1836931C1D962C6D00353868 /* YYStatusView.m */; };
		1856D4321DD0142A005CFB62 /* HistoryTableView.m in Sources */ = {isa = PBXBuildFile; fileRef = 1856D4311DD0142A005CFB62 /* HistoryTableView.m */; };
		1861B7541D8824E5008CD63C /* File.java in Sources */ = {isa = PBXBuildFile; fileRef = 1861B7531D8824E5008CD63C /* File.java */; };
		1861B7571D883118008CD63C /* SocketService.m in Sources */ = {isa = PBXBuildFile; fileRef = 1861B7561D883118008CD63C /* SocketService.m */; };
		187AB9461DCA087900FD295D /* YYColleCollectionViewCell.m in Sources */ = {isa = PBXBuildFile; fileRef = 187AB9441DCA087900FD295D /* YYColleCollectionViewCell.m */; };
		187AB9471DCA087900FD295D /* YYColleCollectionViewCell.xib in Resources */ = {isa = PBXBuildFile; fileRef = 187AB9451DCA087900FD295D /* YYColleCollectionViewCell.xib */; };
		187BC9661D22A05200FB5678 /* main.m in Sources */ = {isa = PBXBuildFile; fileRef = 187BC9651D22A05200FB5678 /* main.m */; };
		187BC9691D22A05200FB5678 /* AppDelegate.m in Sources */ = {isa = PBXBuildFile; fileRef = 187BC9681D22A05200FB5678 /* AppDelegate.m */; };
		187BC96C1D22A05200FB5678 /* LoginViewController.m in Sources */ = {isa = PBXBuildFile; fileRef = 187BC96B1D22A05200FB5678 /* LoginViewController.m */; };
		187BC96F1D22A05200FB5678 /* Main.storyboard in Resources */ = {isa = PBXBuildFile; fileRef = 187BC96D1D22A05200FB5678 /* Main.storyboard */; };
		187BC9711D22A05200FB5678 /* Assets.xcassets in Resources */ = {isa = PBXBuildFile; fileRef = 187BC9701D22A05200FB5678 /* Assets.xcassets */; };
		187BC9741D22A05200FB5678 /* LaunchScreen.storyboard in Resources */ = {isa = PBXBuildFile; fileRef = 187BC9721D22A05200FB5678 /* LaunchScreen.storyboard */; };
		1888AF771D8B9900000ECAF5 /* UIViewController+Extension.m in Sources */ = {isa = PBXBuildFile; fileRef = 1888AF761D8B9900000ECAF5 /* UIViewController+Extension.m */; };
		18A72EF81D4431F700E15141 /* Preview.mm in Sources */ = {isa = PBXBuildFile; fileRef = 18A72EF71D4431F700E15141 /* Preview.mm */; };
		18A72EFB1D44373F00E15141 /* VoiceTalk.mm in Sources */ = {isa = PBXBuildFile; fileRef = 18A72EFA1D44373F00E15141 /* VoiceTalk.mm */; };
		18C944B01DE47C2B00BF1587 /* ParamsTableViewCell.m in Sources */ = {isa = PBXBuildFile; fileRef = 18C944AE1DE47C2B00BF1587 /* ParamsTableViewCell.m */; };
		18C944B11DE47C2B00BF1587 /* ParamsTableViewCell.xib in Resources */ = {isa = PBXBuildFile; fileRef = 18C944AF1DE47C2B00BF1587 /* ParamsTableViewCell.xib */; };
		18E7BE881D26891000729DCA /* MainViewController.m in Sources */ = {isa = PBXBuildFile; fileRef = 18E7BE871D26891000729DCA /* MainViewController.m */; };
		18E7BE8B1D268BC600729DCA /* UIColor+hexStr.m in Sources */ = {isa = PBXBuildFile; fileRef = 18E7BE8A1D268BC600729DCA /* UIColor+hexStr.m */; };
		18EA3FBC1DC4C9BB008475B6 /* UIWebViewController.m in Sources */ = {isa = PBXBuildFile; fileRef = 18EA3FBA1DC4C9BB008475B6 /* UIWebViewController.m */; };
		18EBA9251D839D0A00184A6F /* JSONKit.m in Sources */ = {isa = PBXBuildFile; fileRef = 18EBA9241D839D0A00184A6F /* JSONKit.m */; settings = {COMPILER_FLAGS = "-fno-objc-arc"; }; };
		18EC36841DB661BE001149FE /* ExpandHistoryView.m in Sources */ = {isa = PBXBuildFile; fileRef = 18EC36831DB661BE001149FE /* ExpandHistoryView.m */; };
		18EC4EEB1D976F55009246C2 /* RealDataTableView.m in Sources */ = {isa = PBXBuildFile; fileRef = 18EC4EEA1D976F55009246C2 /* RealDataTableView.m */; };
		18EC4EEF1D977301009246C2 /* RealDataTableViewCell.m in Sources */ = {isa = PBXBuildFile; fileRef = 18EC4EED1D977301009246C2 /* RealDataTableViewCell.m */; };
		18EC4EF01D977301009246C2 /* RealDataTableViewCell.xib in Resources */ = {isa = PBXBuildFile; fileRef = 18EC4EEE1D977301009246C2 /* RealDataTableViewCell.xib */; };
		18EDAB2C1D4360D40071FFE8 /* VideoViewController.mm in Sources */ = {isa = PBXBuildFile; fileRef = 18EDAB2B1D4360D40071FFE8 /* VideoViewController.mm */; };
		18EDAB461D43670A0071FFE8 /* libiconv.tbd in Frameworks */ = {isa = PBXBuildFile; fileRef = 18EDAB451D43670A0071FFE8 /* libiconv.tbd */; };
		18EDAB481D4367150071FFE8 /* QuartzCore.framework in Frameworks */ = {isa = PBXBuildFile; fileRef = 18EDAB471D4367150071FFE8 /* QuartzCore.framework */; };
		18EDAB4A1D43671D0071FFE8 /* CoreVideo.framework in Frameworks */ = {isa = PBXBuildFile; fileRef = 18EDAB491D43671D0071FFE8 /* CoreVideo.framework */; };
		18EDAB4C1D4367260071FFE8 /* CoreMedia.framework in Frameworks */ = {isa = PBXBuildFile; fileRef = 18EDAB4B1D4367260071FFE8 /* CoreMedia.framework */; };
		18EDAB4E1D43672E0071FFE8 /* GLKit.framework in Frameworks */ = {isa = PBXBuildFile; fileRef = 18EDAB4D1D43672E0071FFE8 /* GLKit.framework */; };
		18EDAB501D4367390071FFE8 /* VideoToolbox.framework in Frameworks */ = {isa = PBXBuildFile; fileRef = 18EDAB4F1D4367390071FFE8 /* VideoToolbox.framework */; };
		18EDAB521D43673F0071FFE8 /* AudioToolbox.framework in Frameworks */ = {isa = PBXBuildFile; fileRef = 18EDAB511D43673F0071FFE8 /* AudioToolbox.framework */; };
		18EDAB541D4367460071FFE8 /* Foundation.framework in Frameworks */ = {isa = PBXBuildFile; fileRef = 18EDAB531D4367460071FFE8 /* Foundation.framework */; };
		18EDAB561D43674E0071FFE8 /* UIKit.framework in Frameworks */ = {isa = PBXBuildFile; fileRef = 18EDAB551D43674E0071FFE8 /* UIKit.framework */; };
		18EDAB581D4367570071FFE8 /* CoreGraphics.framework in Frameworks */ = {isa = PBXBuildFile; fileRef = 18EDAB571D4367570071FFE8 /* CoreGraphics.framework */; };
		18EDAB5A1D4367600071FFE8 /* OpenGLES.framework in Frameworks */ = {isa = PBXBuildFile; fileRef = 18EDAB591D4367600071FFE8 /* OpenGLES.framework */; };
		18EDAB5C1D4367730071FFE8 /* OpenAL.framework in Frameworks */ = {isa = PBXBuildFile; fileRef = 18EDAB5B1D4367730071FFE8 /* OpenAL.framework */; };
		18EDAB5F1D43697E0071FFE8 /* DeviceInfo.m in Sources */ = {isa = PBXBuildFile; fileRef = 18EDAB5E1D43697E0071FFE8 /* DeviceInfo.m */; };
		18EDAB631D4376230071FFE8 /* VideoCollectionViewCell.m in Sources */ = {isa = PBXBuildFile; fileRef = 18EDAB611D4376230071FFE8 /* VideoCollectionViewCell.m */; };
		18EDAB641D4376230071FFE8 /* VideoCollectionViewCell.xib in Resources */ = {isa = PBXBuildFile; fileRef = 18EDAB621D4376230071FFE8 /* VideoCollectionViewCell.xib */; };
		18EDCCAD1D8A21510075D436 /* InfoPlist.strings in Resources */ = {isa = PBXBuildFile; fileRef = 18EDCCAC1D8A21510075D436 /* InfoPlist.strings */; };
		18EEBFF21DB3700300CED79A /* NewsViewController.m in Sources */ = {isa = PBXBuildFile; fileRef = 18EEBFF11DB3700300CED79A /* NewsViewController.m */; };
		18EEBFF51DB3707F00CED79A /* SettingsViewController.m in Sources */ = {isa = PBXBuildFile; fileRef = 18EEBFF41DB3707F00CED79A /* SettingsViewController.m */; };
		18EEBFF81DB370AD00CED79A /* HistoryViewController.m in Sources */ = {isa = PBXBuildFile; fileRef = 18EEBFF71DB370AD00CED79A /* HistoryViewController.m */; };
		18F835121DDFF6650019D3D3 /* CacheHelper.m in Sources */ = {isa = PBXBuildFile; fileRef = 18F835111DDFF6650019D3D3 /* CacheHelper.m */; };
		8410BAC21DA8CC620040B3D5 /* AssetsLibrary.framework in Frameworks */ = {isa = PBXBuildFile; fileRef = 8410BAC11DA8CC620040B3D5 /* AssetsLibrary.framework */; };
		8414DC8F1D9A027900CBC8CC /* DeviceControlTableView.m in Sources */ = {isa = PBXBuildFile; fileRef = 8414DC8E1D9A027900CBC8CC /* DeviceControlTableView.m */; };
		8414DC931D9A030F00CBC8CC /* DeviceControlTableViewCell.m in Sources */ = {isa = PBXBuildFile; fileRef = 8414DC911D9A030F00CBC8CC /* DeviceControlTableViewCell.m */; };
		8414DC941D9A030F00CBC8CC /* DeviceControlTableViewCell.xib in Resources */ = {isa = PBXBuildFile; fileRef = 8414DC921D9A030F00CBC8CC /* DeviceControlTableViewCell.xib */; };
		8416228E1DAE30D4000D269A /* DataControlViewController.m in Sources */ = {isa = PBXBuildFile; fileRef = 8416228D1DAE30D4000D269A /* DataControlViewController.m */; };
		841622911DAE3232000D269A /* ExpandControlView.m in Sources */ = {isa = PBXBuildFile; fileRef = 841622901DAE3232000D269A /* ExpandControlView.m */; };
		8418A7BB1DACD4E400251DF7 /* weatherView.xib in Resources */ = {isa = PBXBuildFile; fileRef = 8418A7BA1DACD4E400251DF7 /* weatherView.xib */; };
		8418A7BE1DACE07600251DF7 /* WeatherShowManager.m in Sources */ = {isa = PBXBuildFile; fileRef = 8418A7BD1DACE07600251DF7 /* WeatherShowManager.m */; };
		84485B7D1DACA8C7000AF2EC /* YYWeatherService.m in Sources */ = {isa = PBXBuildFile; fileRef = 84485B7C1DACA8C7000AF2EC /* YYWeatherService.m */; };
		84485B821DACBE84000AF2EC /* WeatherHelper.m in Sources */ = {isa = PBXBuildFile; fileRef = 84485B811DACBE84000AF2EC /* WeatherHelper.m */; };
		84485B851DACC230000AF2EC /* DateHelper.m in Sources */ = {isa = PBXBuildFile; fileRef = 84485B841DACC230000AF2EC /* DateHelper.m */; };
		8470027B1D9E555E006384CC /* YYVideoView.m in Sources */ = {isa = PBXBuildFile; fileRef = 8470027A1D9E555E006384CC /* YYVideoView.m */; };
		848A10C71DAB73D5003F24CE /* MyExpandTableView.m in Sources */ = {isa = PBXBuildFile; fileRef = 848A10C61DAB73D4003F24CE /* MyExpandTableView.m */; };
		848A10CB1DAB7E42003F24CE /* BeanObjectHelper.m in Sources */ = {isa = PBXBuildFile; fileRef = 848A10CA1DAB7E42003F24CE /* BeanObjectHelper.m */; };
		848A10CE1DAB7FBF003F24CE /* BeanObject.m in Sources */ = {isa = PBXBuildFile; fileRef = 848A10CD1DAB7FBF003F24CE /* BeanObject.m */; };
		84D2E3EC1D94F4B500BD0002 /* RealDataViewController.m in Sources */ = {isa = PBXBuildFile; fileRef = 84D2E3EB1D94F4B500BD0002 /* RealDataViewController.m */; };
		84DD4BEA1DAB4574009CCC90 /* YYTabViewController.m in Sources */ = {isa = PBXBuildFile; fileRef = 84DD4BE91DAB4574009CCC90 /* YYTabViewController.m */; };
		84E97BE71D9E1E6E00D3D25B /* SQMenuShowCell.m in Sources */ = {isa = PBXBuildFile; fileRef = 84E97BE31D9E1E6E00D3D25B /* SQMenuShowCell.m */; };
		84E97BE81D9E1E6E00D3D25B /* SQMenuShowCell.xib in Resources */ = {isa = PBXBuildFile; fileRef = 84E97BE41D9E1E6E00D3D25B /* SQMenuShowCell.xib */; };
		84E97BE91D9E1E6E00D3D25B /* SQMenuShowView.m in Sources */ = {isa = PBXBuildFile; fileRef = 84E97BE61D9E1E6E00D3D25B /* SQMenuShowView.m */; };
		84EA6A7D1D90E9B30075433D /* SPackage.m in Sources */ = {isa = PBXBuildFile; fileRef = 84EA6A7C1D90E9B30075433D /* SPackage.m */; };
		BE1957C55FBFA9E91269DC73 /* libPods-farmingFish.a in Frameworks */ = {isa = PBXBuildFile; fileRef = 3463BF14C7240729B0EAFEC1 /* libPods-farmingFish.a */; };
/* End PBXBuildFile section */

/* Begin PBXFileReference section */
		180A27401DCC1FD9002ECF63 /* GradientHelper.h */ = {isa = PBXFileReference; fileEncoding = 4; lastKnownFileType = sourcecode.c.h; path = GradientHelper.h; sourceTree = "<group>"; };
		180A27411DCC1FD9002ECF63 /* GradientHelper.m */ = {isa = PBXFileReference; fileEncoding = 4; lastKnownFileType = sourcecode.c.objc; path = GradientHelper.m; sourceTree = "<group>"; };
		180A27441DCC33C7002ECF63 /* AppConfig.pch */ = {isa = PBXFileReference; lastKnownFileType = sourcecode.c.h; name = AppConfig.pch; path = ../AppConfig.pch; sourceTree = "<group>"; };
		180AB9601DCECDB900054015 /* MoreViewController.h */ = {isa = PBXFileReference; fileEncoding = 4; lastKnownFileType = sourcecode.c.h; path = MoreViewController.h; sourceTree = "<group>"; };
		180AB9611DCECDB900054015 /* MoreViewController.m */ = {isa = PBXFileReference; fileEncoding = 4; lastKnownFileType = sourcecode.c.objc; path = MoreViewController.m; sourceTree = "<group>"; };
		180AB9641DCECEBC00054015 /* YYAlertViewController.h */ = {isa = PBXFileReference; fileEncoding = 4; lastKnownFileType = sourcecode.c.h; path = YYAlertViewController.h; sourceTree = "<group>"; };
		180AB9651DCECEBC00054015 /* YYAlertViewController.m */ = {isa = PBXFileReference; fileEncoding = 4; lastKnownFileType = sourcecode.c.objc; path = YYAlertViewController.m; sourceTree = "<group>"; };
		180AB9671DCF0CE400054015 /* ConstansManager.h */ = {isa = PBXFileReference; fileEncoding = 4; lastKnownFileType = sourcecode.c.h; path = ConstansManager.h; sourceTree = "<group>"; };
		180AB9681DCF0CE400054015 /* ConstansManager.m */ = {isa = PBXFileReference; fileEncoding = 4; lastKnownFileType = sourcecode.c.objc; path = ConstansManager.m; sourceTree = "<group>"; };
		181452601DD469EF00B60B79 /* Reachability.h */ = {isa = PBXFileReference; fileEncoding = 4; lastKnownFileType = sourcecode.c.h; path = Reachability.h; sourceTree = "<group>"; };
		181452611DD469EF00B60B79 /* Reachability.m */ = {isa = PBXFileReference; fileEncoding = 4; lastKnownFileType = sourcecode.c.objc; path = Reachability.m; sourceTree = "<group>"; };
		181452631DD46A1500B60B79 /* SystemConfiguration.framework */ = {isa = PBXFileReference; lastKnownFileType = wrapper.framework; name = SystemConfiguration.framework; path = System/Library/Frameworks/SystemConfiguration.framework; sourceTree = SDKROOT; };
		181659A71DDDC81F007A185C /* View+point.h */ = {isa = PBXFileReference; fileEncoding = 4; lastKnownFileType = sourcecode.c.h; path = "View+point.h"; sourceTree = "<group>"; };
		181659A81DDDC81F007A185C /* View+point.m */ = {isa = PBXFileReference; fileEncoding = 4; lastKnownFileType = sourcecode.c.objc; path = "View+point.m"; sourceTree = "<group>"; };
		1816B9561DCAEF9700077BF4 /* YYButton.h */ = {isa = PBXFileReference; fileEncoding = 4; lastKnownFileType = sourcecode.c.h; path = YYButton.h; sourceTree = "<group>"; };
		1816B9571DCAEF9700077BF4 /* YYButton.m */ = {isa = PBXFileReference; fileEncoding = 4; lastKnownFileType = sourcecode.c.objc; path = YYButton.m; sourceTree = "<group>"; };
		181796961D818806000953BF /* FService.h */ = {isa = PBXFileReference; fileEncoding = 4; lastKnownFileType = sourcecode.c.h; path = FService.h; sourceTree = "<group>"; };
		181796971D818806000953BF /* FService.m */ = {isa = PBXFileReference; fileEncoding = 4; lastKnownFileType = sourcecode.c.objc; path = FService.m; sourceTree = "<group>"; };
		182A9D921DD9EDAF004B4884 /* libAudioEngine_64.a */ = {isa = PBXFileReference; lastKnownFileType = archive.ar; name = libAudioEngine_64.a; path = "lib/Release-iphoneos/libAudioEngine_64.a"; sourceTree = "<group>"; };
		182A9D931DD9EDAF004B4884 /* libHCCore.a */ = {isa = PBXFileReference; lastKnownFileType = archive.ar; name = libHCCore.a; path = "lib/Release-iphoneos/libHCCore.a"; sourceTree = "<group>"; };
		182A9D941DD9EDAF004B4884 /* libHCNetSDK.a */ = {isa = PBXFileReference; lastKnownFileType = archive.ar; name = libHCNetSDK.a; path = "lib/Release-iphoneos/libHCNetSDK.a"; sourceTree = "<group>"; };
		182A9D951DD9EDAF004B4884 /* libplayctrl.a */ = {isa = PBXFileReference; lastKnownFileType = archive.ar; name = libplayctrl.a; path = "lib/Release-iphoneos/libplayctrl.a"; sourceTree = "<group>"; };
		182A9D961DD9EDAF004B4884 /* libSystemTransform.a */ = {isa = PBXFileReference; lastKnownFileType = archive.ar; name = libSystemTransform.a; path = "lib/Release-iphoneos/libSystemTransform.a"; sourceTree = "<group>"; };
		182A9D971DD9EDAF004B4884 /* libtinyxml.a */ = {isa = PBXFileReference; lastKnownFileType = archive.ar; name = libtinyxml.a; path = "lib/Release-iphoneos/libtinyxml.a"; sourceTree = "<group>"; };
		182A9D9E1DD9EDB7004B4884 /* libHCCore_sim.a */ = {isa = PBXFileReference; lastKnownFileType = archive.ar; name = libHCCore_sim.a; path = "lib/Release-iphonesimulator/libHCCore_sim.a"; sourceTree = "<group>"; };
		182A9D9F1DD9EDB7004B4884 /* libHCNetSDK_sim.a */ = {isa = PBXFileReference; lastKnownFileType = archive.ar; name = libHCNetSDK_sim.a; path = "lib/Release-iphonesimulator/libHCNetSDK_sim.a"; sourceTree = "<group>"; };
		182A9DA01DD9EDB7004B4884 /* libPlayCtrl_sim.a */ = {isa = PBXFileReference; lastKnownFileType = archive.ar; name = libPlayCtrl_sim.a; path = "lib/Release-iphonesimulator/libPlayCtrl_sim.a"; sourceTree = "<group>"; };
		182A9DA11DD9EDB7004B4884 /* libtinyxml_sim.a */ = {isa = PBXFileReference; lastKnownFileType = archive.ar; name = libtinyxml_sim.a; path = "lib/Release-iphonesimulator/libtinyxml_sim.a"; sourceTree = "<group>"; };
		1836931B1D962C6D00353868 /* YYStatusView.h */ = {isa = PBXFileReference; fileEncoding = 4; lastKnownFileType = sourcecode.c.h; path = YYStatusView.h; sourceTree = "<group>"; };
		1836931C1D962C6D00353868 /* YYStatusView.m */ = {isa = PBXFileReference; fileEncoding = 4; lastKnownFileType = sourcecode.c.objc; path = YYStatusView.m; sourceTree = "<group>"; };
		1856D4301DD0142A005CFB62 /* HistoryTableView.h */ = {isa = PBXFileReference; fileEncoding = 4; lastKnownFileType = sourcecode.c.h; path = HistoryTableView.h; sourceTree = "<group>"; };
		1856D4311DD0142A005CFB62 /* HistoryTableView.m */ = {isa = PBXFileReference; fileEncoding = 4; lastKnownFileType = sourcecode.c.objc; path = HistoryTableView.m; sourceTree = "<group>"; };
		1861B7531D8824E5008CD63C /* File.java */ = {isa = PBXFileReference; fileEncoding = 4; lastKnownFileType = sourcecode.java; path = File.java; sourceTree = "<group>"; };
		1861B7551D883118008CD63C /* SocketService.h */ = {isa = PBXFileReference; fileEncoding = 4; lastKnownFileType = sourcecode.c.h; path = SocketService.h; sourceTree = "<group>"; };
		1861B7561D883118008CD63C /* SocketService.m */ = {isa = PBXFileReference; fileEncoding = 4; lastKnownFileType = sourcecode.c.objc; path = SocketService.m; sourceTree = "<group>"; };
		187AB9431DCA087900FD295D /* YYColleCollectionViewCell.h */ = {isa = PBXFileReference; fileEncoding = 4; lastKnownFileType = sourcecode.c.h; path = YYColleCollectionViewCell.h; sourceTree = "<group>"; };
		187AB9441DCA087900FD295D /* YYColleCollectionViewCell.m */ = {isa = PBXFileReference; fileEncoding = 4; lastKnownFileType = sourcecode.c.objc; path = YYColleCollectionViewCell.m; sourceTree = "<group>"; };
		187AB9451DCA087900FD295D /* YYColleCollectionViewCell.xib */ = {isa = PBXFileReference; fileEncoding = 4; lastKnownFileType = file.xib; path = YYColleCollectionViewCell.xib; sourceTree = "<group>"; };
		187BC9611D22A05200FB5678 /* farmingFish.app */ = {isa = PBXFileReference; explicitFileType = wrapper.application; includeInIndex = 0; path = farmingFish.app; sourceTree = BUILT_PRODUCTS_DIR; };
		187BC9651D22A05200FB5678 /* main.m */ = {isa = PBXFileReference; lastKnownFileType = sourcecode.c.objc; path = main.m; sourceTree = "<group>"; };
		187BC9671D22A05200FB5678 /* AppDelegate.h */ = {isa = PBXFileReference; lastKnownFileType = sourcecode.c.h; path = AppDelegate.h; sourceTree = "<group>"; };
		187BC9681D22A05200FB5678 /* AppDelegate.m */ = {isa = PBXFileReference; lastKnownFileType = sourcecode.c.objc; path = AppDelegate.m; sourceTree = "<group>"; };
		187BC96A1D22A05200FB5678 /* LoginViewController.h */ = {isa = PBXFileReference; lastKnownFileType = sourcecode.c.h; path = LoginViewController.h; sourceTree = "<group>"; };
		187BC96B1D22A05200FB5678 /* LoginViewController.m */ = {isa = PBXFileReference; lastKnownFileType = sourcecode.c.objc; path = LoginViewController.m; sourceTree = "<group>"; };
		187BC96E1D22A05200FB5678 /* Base */ = {isa = PBXFileReference; lastKnownFileType = file.storyboard; name = Base; path = Base.lproj/Main.storyboard; sourceTree = "<group>"; };
		187BC9701D22A05200FB5678 /* Assets.xcassets */ = {isa = PBXFileReference; lastKnownFileType = folder.assetcatalog; path = Assets.xcassets; sourceTree = "<group>"; };
		187BC9731D22A05200FB5678 /* Base */ = {isa = PBXFileReference; lastKnownFileType = file.storyboard; name = Base; path = Base.lproj/LaunchScreen.storyboard; sourceTree = "<group>"; };
		187BC9751D22A05200FB5678 /* Info.plist */ = {isa = PBXFileReference; lastKnownFileType = text.plist.xml; path = Info.plist; sourceTree = "<group>"; };
		1888AF751D8B9900000ECAF5 /* UIViewController+Extension.h */ = {isa = PBXFileReference; fileEncoding = 4; lastKnownFileType = sourcecode.c.h; path = "UIViewController+Extension.h"; sourceTree = "<group>"; };
		1888AF761D8B9900000ECAF5 /* UIViewController+Extension.m */ = {isa = PBXFileReference; fileEncoding = 4; lastKnownFileType = sourcecode.c.objc; path = "UIViewController+Extension.m"; sourceTree = "<group>"; };
		18A72EF61D4431F700E15141 /* Preview.h */ = {isa = PBXFileReference; fileEncoding = 4; lastKnownFileType = sourcecode.c.h; path = Preview.h; sourceTree = "<group>"; };
		18A72EF71D4431F700E15141 /* Preview.mm */ = {isa = PBXFileReference; fileEncoding = 4; lastKnownFileType = sourcecode.cpp.objcpp; path = Preview.mm; sourceTree = "<group>"; };
		18A72EF91D44373F00E15141 /* VoiceTalk.h */ = {isa = PBXFileReference; fileEncoding = 4; lastKnownFileType = sourcecode.c.h; path = VoiceTalk.h; sourceTree = "<group>"; };
		18A72EFA1D44373F00E15141 /* VoiceTalk.mm */ = {isa = PBXFileReference; fileEncoding = 4; lastKnownFileType = sourcecode.cpp.objcpp; path = VoiceTalk.mm; sourceTree = "<group>"; };
		18A72EFC1D44374F00E15141 /* AudioEngine.h */ = {isa = PBXFileReference; fileEncoding = 4; lastKnownFileType = sourcecode.c.h; path = AudioEngine.h; sourceTree = "<group>"; };
		18C944AD1DE47C2B00BF1587 /* ParamsTableViewCell.h */ = {isa = PBXFileReference; fileEncoding = 4; lastKnownFileType = sourcecode.c.h; path = ParamsTableViewCell.h; sourceTree = "<group>"; };
		18C944AE1DE47C2B00BF1587 /* ParamsTableViewCell.m */ = {isa = PBXFileReference; fileEncoding = 4; lastKnownFileType = sourcecode.c.objc; path = ParamsTableViewCell.m; sourceTree = "<group>"; };
		18C944AF1DE47C2B00BF1587 /* ParamsTableViewCell.xib */ = {isa = PBXFileReference; fileEncoding = 4; lastKnownFileType = file.xib; path = ParamsTableViewCell.xib; sourceTree = "<group>"; };
		18E7BE861D26891000729DCA /* MainViewController.h */ = {isa = PBXFileReference; fileEncoding = 4; lastKnownFileType = sourcecode.c.h; path = MainViewController.h; sourceTree = "<group>"; };
		18E7BE871D26891000729DCA /* MainViewController.m */ = {isa = PBXFileReference; fileEncoding = 4; lastKnownFileType = sourcecode.c.objc; path = MainViewController.m; sourceTree = "<group>"; };
		18E7BE891D268BC600729DCA /* UIColor+hexStr.h */ = {isa = PBXFileReference; fileEncoding = 4; lastKnownFileType = sourcecode.c.h; path = "UIColor+hexStr.h"; sourceTree = "<group>"; };
		18E7BE8A1D268BC600729DCA /* UIColor+hexStr.m */ = {isa = PBXFileReference; fileEncoding = 4; lastKnownFileType = sourcecode.c.objc; path = "UIColor+hexStr.m"; sourceTree = "<group>"; };
		18EA3FB91DC4C9BB008475B6 /* UIWebViewController.h */ = {isa = PBXFileReference; fileEncoding = 4; lastKnownFileType = sourcecode.c.h; path = UIWebViewController.h; sourceTree = "<group>"; };
		18EA3FBA1DC4C9BB008475B6 /* UIWebViewController.m */ = {isa = PBXFileReference; fileEncoding = 4; lastKnownFileType = sourcecode.c.objc; path = UIWebViewController.m; sourceTree = "<group>"; };
		18EBA9231D839D0A00184A6F /* JSONKit.h */ = {isa = PBXFileReference; fileEncoding = 4; lastKnownFileType = sourcecode.c.h; path = JSONKit.h; sourceTree = "<group>"; };
		18EBA9241D839D0A00184A6F /* JSONKit.m */ = {isa = PBXFileReference; fileEncoding = 4; lastKnownFileType = sourcecode.c.objc; path = JSONKit.m; sourceTree = "<group>"; };
		18EC36821DB661BE001149FE /* ExpandHistoryView.h */ = {isa = PBXFileReference; fileEncoding = 4; lastKnownFileType = sourcecode.c.h; path = ExpandHistoryView.h; sourceTree = "<group>"; };
		18EC36831DB661BE001149FE /* ExpandHistoryView.m */ = {isa = PBXFileReference; fileEncoding = 4; lastKnownFileType = sourcecode.c.objc; path = ExpandHistoryView.m; sourceTree = "<group>"; };
		18EC4EE91D976F55009246C2 /* RealDataTableView.h */ = {isa = PBXFileReference; fileEncoding = 4; lastKnownFileType = sourcecode.c.h; path = RealDataTableView.h; sourceTree = "<group>"; };
		18EC4EEA1D976F55009246C2 /* RealDataTableView.m */ = {isa = PBXFileReference; fileEncoding = 4; lastKnownFileType = sourcecode.c.objc; path = RealDataTableView.m; sourceTree = "<group>"; };
		18EC4EEC1D977301009246C2 /* RealDataTableViewCell.h */ = {isa = PBXFileReference; fileEncoding = 4; lastKnownFileType = sourcecode.c.h; path = RealDataTableViewCell.h; sourceTree = "<group>"; };
		18EC4EED1D977301009246C2 /* RealDataTableViewCell.m */ = {isa = PBXFileReference; fileEncoding = 4; lastKnownFileType = sourcecode.c.objc; path = RealDataTableViewCell.m; sourceTree = "<group>"; };
		18EC4EEE1D977301009246C2 /* RealDataTableViewCell.xib */ = {isa = PBXFileReference; fileEncoding = 4; lastKnownFileType = file.xib; path = RealDataTableViewCell.xib; sourceTree = "<group>"; };
		18EDAB2A1D4360D40071FFE8 /* VideoViewController.h */ = {isa = PBXFileReference; fileEncoding = 4; lastKnownFileType = sourcecode.c.h; path = VideoViewController.h; sourceTree = "<group>"; };
		18EDAB2B1D4360D40071FFE8 /* VideoViewController.mm */ = {isa = PBXFileReference; fileEncoding = 4; lastKnownFileType = sourcecode.cpp.objcpp; path = VideoViewController.mm; sourceTree = "<group>"; };
		18EDAB2F1D4362EA0071FFE8 /* hcnetsdk.h */ = {isa = PBXFileReference; fileEncoding = 4; lastKnownFileType = sourcecode.c.h; path = hcnetsdk.h; sourceTree = "<group>"; };
		18EDAB301D4362EA0071FFE8 /* IOSPlayM4.h */ = {isa = PBXFileReference; fileEncoding = 4; lastKnownFileType = sourcecode.c.h; path = IOSPlayM4.h; sourceTree = "<group>"; };
		18EDAB311D4363DA0071FFE8 /* libAudioEngine_64.a */ = {isa = PBXFileReference; lastKnownFileType = archive.ar; name = libAudioEngine_64.a; path = "farmingFish/lib/Release-iphoneos/libAudioEngine_64.a"; sourceTree = "<group>"; };
		18EDAB321D4363DA0071FFE8 /* libHCCore.a */ = {isa = PBXFileReference; lastKnownFileType = archive.ar; name = libHCCore.a; path = "farmingFish/lib/Release-iphoneos/libHCCore.a"; sourceTree = "<group>"; };
		18EDAB331D4363DA0071FFE8 /* libHCNetSDK.a */ = {isa = PBXFileReference; lastKnownFileType = archive.ar; name = libHCNetSDK.a; path = "farmingFish/lib/Release-iphoneos/libHCNetSDK.a"; sourceTree = "<group>"; };
		18EDAB341D4363DA0071FFE8 /* libplayctrl.a */ = {isa = PBXFileReference; lastKnownFileType = archive.ar; name = libplayctrl.a; path = "farmingFish/lib/Release-iphoneos/libplayctrl.a"; sourceTree = "<group>"; };
		18EDAB351D4363DA0071FFE8 /* libSystemTransform.a */ = {isa = PBXFileReference; lastKnownFileType = archive.ar; name = libSystemTransform.a; path = "farmingFish/lib/Release-iphoneos/libSystemTransform.a"; sourceTree = "<group>"; };
		18EDAB361D4363DA0071FFE8 /* libtinyxml.a */ = {isa = PBXFileReference; lastKnownFileType = archive.ar; name = libtinyxml.a; path = "farmingFish/lib/Release-iphoneos/libtinyxml.a"; sourceTree = "<group>"; };
		18EDAB3D1D4366D50071FFE8 /* libHCCore_sim.a */ = {isa = PBXFileReference; lastKnownFileType = archive.ar; name = libHCCore_sim.a; path = "farmingFish/lib/Release-iphonesimulator/libHCCore_sim.a"; sourceTree = "<group>"; };
		18EDAB3E1D4366D50071FFE8 /* libHCNetSDK_sim.a */ = {isa = PBXFileReference; lastKnownFileType = archive.ar; name = libHCNetSDK_sim.a; path = "farmingFish/lib/Release-iphonesimulator/libHCNetSDK_sim.a"; sourceTree = "<group>"; };
		18EDAB3F1D4366D50071FFE8 /* libPlayCtrl_sim.a */ = {isa = PBXFileReference; lastKnownFileType = archive.ar; name = libPlayCtrl_sim.a; path = "farmingFish/lib/Release-iphonesimulator/libPlayCtrl_sim.a"; sourceTree = "<group>"; };
		18EDAB401D4366D50071FFE8 /* libtinyxml_sim.a */ = {isa = PBXFileReference; lastKnownFileType = archive.ar; name = libtinyxml_sim.a; path = "farmingFish/lib/Release-iphonesimulator/libtinyxml_sim.a"; sourceTree = "<group>"; };
		18EDAB451D43670A0071FFE8 /* libiconv.tbd */ = {isa = PBXFileReference; lastKnownFileType = "sourcecode.text-based-dylib-definition"; name = libiconv.tbd; path = usr/lib/libiconv.tbd; sourceTree = SDKROOT; };
		18EDAB471D4367150071FFE8 /* QuartzCore.framework */ = {isa = PBXFileReference; lastKnownFileType = wrapper.framework; name = QuartzCore.framework; path = System/Library/Frameworks/QuartzCore.framework; sourceTree = SDKROOT; };
		18EDAB491D43671D0071FFE8 /* CoreVideo.framework */ = {isa = PBXFileReference; lastKnownFileType = wrapper.framework; name = CoreVideo.framework; path = System/Library/Frameworks/CoreVideo.framework; sourceTree = SDKROOT; };
		18EDAB4B1D4367260071FFE8 /* CoreMedia.framework */ = {isa = PBXFileReference; lastKnownFileType = wrapper.framework; name = CoreMedia.framework; path = System/Library/Frameworks/CoreMedia.framework; sourceTree = SDKROOT; };
		18EDAB4D1D43672E0071FFE8 /* GLKit.framework */ = {isa = PBXFileReference; lastKnownFileType = wrapper.framework; name = GLKit.framework; path = System/Library/Frameworks/GLKit.framework; sourceTree = SDKROOT; };
		18EDAB4F1D4367390071FFE8 /* VideoToolbox.framework */ = {isa = PBXFileReference; lastKnownFileType = wrapper.framework; name = VideoToolbox.framework; path = System/Library/Frameworks/VideoToolbox.framework; sourceTree = SDKROOT; };
		18EDAB511D43673F0071FFE8 /* AudioToolbox.framework */ = {isa = PBXFileReference; lastKnownFileType = wrapper.framework; name = AudioToolbox.framework; path = System/Library/Frameworks/AudioToolbox.framework; sourceTree = SDKROOT; };
		18EDAB531D4367460071FFE8 /* Foundation.framework */ = {isa = PBXFileReference; lastKnownFileType = wrapper.framework; name = Foundation.framework; path = System/Library/Frameworks/Foundation.framework; sourceTree = SDKROOT; };
		18EDAB551D43674E0071FFE8 /* UIKit.framework */ = {isa = PBXFileReference; lastKnownFileType = wrapper.framework; name = UIKit.framework; path = System/Library/Frameworks/UIKit.framework; sourceTree = SDKROOT; };
		18EDAB571D4367570071FFE8 /* CoreGraphics.framework */ = {isa = PBXFileReference; lastKnownFileType = wrapper.framework; name = CoreGraphics.framework; path = System/Library/Frameworks/CoreGraphics.framework; sourceTree = SDKROOT; };
		18EDAB591D4367600071FFE8 /* OpenGLES.framework */ = {isa = PBXFileReference; lastKnownFileType = wrapper.framework; name = OpenGLES.framework; path = System/Library/Frameworks/OpenGLES.framework; sourceTree = SDKROOT; };
		18EDAB5B1D4367730071FFE8 /* OpenAL.framework */ = {isa = PBXFileReference; lastKnownFileType = wrapper.framework; name = OpenAL.framework; path = System/Library/Frameworks/OpenAL.framework; sourceTree = SDKROOT; };
		18EDAB5D1D43697E0071FFE8 /* DeviceInfo.h */ = {isa = PBXFileReference; fileEncoding = 4; lastKnownFileType = sourcecode.c.h; name = DeviceInfo.h; path = ../DeviceInfo.h; sourceTree = "<group>"; };
		18EDAB5E1D43697E0071FFE8 /* DeviceInfo.m */ = {isa = PBXFileReference; fileEncoding = 4; lastKnownFileType = sourcecode.c.objc; name = DeviceInfo.m; path = ../DeviceInfo.m; sourceTree = "<group>"; };
		18EDAB601D4376230071FFE8 /* VideoCollectionViewCell.h */ = {isa = PBXFileReference; fileEncoding = 4; lastKnownFileType = sourcecode.c.h; path = VideoCollectionViewCell.h; sourceTree = "<group>"; };
		18EDAB611D4376230071FFE8 /* VideoCollectionViewCell.m */ = {isa = PBXFileReference; fileEncoding = 4; lastKnownFileType = sourcecode.c.objc; path = VideoCollectionViewCell.m; sourceTree = "<group>"; };
		18EDAB621D4376230071FFE8 /* VideoCollectionViewCell.xib */ = {isa = PBXFileReference; fileEncoding = 4; lastKnownFileType = file.xib; path = VideoCollectionViewCell.xib; sourceTree = "<group>"; };
		18EDCCAC1D8A21510075D436 /* InfoPlist.strings */ = {isa = PBXFileReference; fileEncoding = 4; lastKnownFileType = text.plist.strings; path = InfoPlist.strings; sourceTree = "<group>"; };
		18EEBFF01DB3700300CED79A /* NewsViewController.h */ = {isa = PBXFileReference; fileEncoding = 4; lastKnownFileType = sourcecode.c.h; path = NewsViewController.h; sourceTree = "<group>"; };
		18EEBFF11DB3700300CED79A /* NewsViewController.m */ = {isa = PBXFileReference; fileEncoding = 4; lastKnownFileType = sourcecode.c.objc; path = NewsViewController.m; sourceTree = "<group>"; };
		18EEBFF31DB3707F00CED79A /* SettingsViewController.h */ = {isa = PBXFileReference; fileEncoding = 4; lastKnownFileType = sourcecode.c.h; path = SettingsViewController.h; sourceTree = "<group>"; };
		18EEBFF41DB3707F00CED79A /* SettingsViewController.m */ = {isa = PBXFileReference; fileEncoding = 4; lastKnownFileType = sourcecode.c.objc; path = SettingsViewController.m; sourceTree = "<group>"; };
		18EEBFF61DB370AD00CED79A /* HistoryViewController.h */ = {isa = PBXFileReference; fileEncoding = 4; lastKnownFileType = sourcecode.c.h; path = HistoryViewController.h; sourceTree = "<group>"; };
		18EEBFF71DB370AD00CED79A /* HistoryViewController.m */ = {isa = PBXFileReference; fileEncoding = 4; lastKnownFileType = sourcecode.c.objc; path = HistoryViewController.m; sourceTree = "<group>"; };
		18F835101DDFF6650019D3D3 /* CacheHelper.h */ = {isa = PBXFileReference; fileEncoding = 4; lastKnownFileType = sourcecode.c.h; path = CacheHelper.h; sourceTree = "<group>"; };
		18F835111DDFF6650019D3D3 /* CacheHelper.m */ = {isa = PBXFileReference; fileEncoding = 4; lastKnownFileType = sourcecode.c.objc; path = CacheHelper.m; sourceTree = "<group>"; };
		2CA6ABEA6762B806F8B3F708 /* Pods-farmingFish.release.xcconfig */ = {isa = PBXFileReference; includeInIndex = 1; lastKnownFileType = text.xcconfig; name = "Pods-farmingFish.release.xcconfig"; path = "Pods/Target Support Files/Pods-farmingFish/Pods-farmingFish.release.xcconfig"; sourceTree = "<group>"; };
		3463BF14C7240729B0EAFEC1 /* libPods-farmingFish.a */ = {isa = PBXFileReference; explicitFileType = archive.ar; includeInIndex = 0; path = "libPods-farmingFish.a"; sourceTree = BUILT_PRODUCTS_DIR; };
		8410BAC11DA8CC620040B3D5 /* AssetsLibrary.framework */ = {isa = PBXFileReference; lastKnownFileType = wrapper.framework; name = AssetsLibrary.framework; path = System/Library/Frameworks/AssetsLibrary.framework; sourceTree = SDKROOT; };
		8414DC8D1D9A027900CBC8CC /* DeviceControlTableView.h */ = {isa = PBXFileReference; fileEncoding = 4; lastKnownFileType = sourcecode.c.h; path = DeviceControlTableView.h; sourceTree = "<group>"; };
		8414DC8E1D9A027900CBC8CC /* DeviceControlTableView.m */ = {isa = PBXFileReference; fileEncoding = 4; lastKnownFileType = sourcecode.c.objc; path = DeviceControlTableView.m; sourceTree = "<group>"; };
		8414DC901D9A030F00CBC8CC /* DeviceControlTableViewCell.h */ = {isa = PBXFileReference; fileEncoding = 4; lastKnownFileType = sourcecode.c.h; path = DeviceControlTableViewCell.h; sourceTree = "<group>"; };
		8414DC911D9A030F00CBC8CC /* DeviceControlTableViewCell.m */ = {isa = PBXFileReference; fileEncoding = 4; lastKnownFileType = sourcecode.c.objc; path = DeviceControlTableViewCell.m; sourceTree = "<group>"; };
		8414DC921D9A030F00CBC8CC /* DeviceControlTableViewCell.xib */ = {isa = PBXFileReference; fileEncoding = 4; lastKnownFileType = file.xib; path = DeviceControlTableViewCell.xib; sourceTree = "<group>"; };
		8416228C1DAE30D4000D269A /* DataControlViewController.h */ = {isa = PBXFileReference; fileEncoding = 4; lastKnownFileType = sourcecode.c.h; path = DataControlViewController.h; sourceTree = "<group>"; };
		8416228D1DAE30D4000D269A /* DataControlViewController.m */ = {isa = PBXFileReference; fileEncoding = 4; lastKnownFileType = sourcecode.c.objc; path = DataControlViewController.m; sourceTree = "<group>"; };
		8416228F1DAE3232000D269A /* ExpandControlView.h */ = {isa = PBXFileReference; fileEncoding = 4; lastKnownFileType = sourcecode.c.h; path = ExpandControlView.h; sourceTree = "<group>"; };
		841622901DAE3232000D269A /* ExpandControlView.m */ = {isa = PBXFileReference; fileEncoding = 4; lastKnownFileType = sourcecode.c.objc; path = ExpandControlView.m; sourceTree = "<group>"; };
		8418A7BA1DACD4E400251DF7 /* weatherView.xib */ = {isa = PBXFileReference; fileEncoding = 4; lastKnownFileType = file.xib; path = weatherView.xib; sourceTree = "<group>"; };
		8418A7BC1DACE07600251DF7 /* WeatherShowManager.h */ = {isa = PBXFileReference; fileEncoding = 4; lastKnownFileType = sourcecode.c.h; path = WeatherShowManager.h; sourceTree = "<group>"; };
		8418A7BD1DACE07600251DF7 /* WeatherShowManager.m */ = {isa = PBXFileReference; fileEncoding = 4; lastKnownFileType = sourcecode.c.objc; path = WeatherShowManager.m; sourceTree = "<group>"; };
		84485B7B1DACA8C7000AF2EC /* YYWeatherService.h */ = {isa = PBXFileReference; fileEncoding = 4; lastKnownFileType = sourcecode.c.h; path = YYWeatherService.h; sourceTree = "<group>"; };
		84485B7C1DACA8C7000AF2EC /* YYWeatherService.m */ = {isa = PBXFileReference; fileEncoding = 4; lastKnownFileType = sourcecode.c.objc; path = YYWeatherService.m; sourceTree = "<group>"; };
		84485B801DACBE84000AF2EC /* WeatherHelper.h */ = {isa = PBXFileReference; fileEncoding = 4; lastKnownFileType = sourcecode.c.h; path = WeatherHelper.h; sourceTree = "<group>"; };
		84485B811DACBE84000AF2EC /* WeatherHelper.m */ = {isa = PBXFileReference; fileEncoding = 4; lastKnownFileType = sourcecode.c.objc; path = WeatherHelper.m; sourceTree = "<group>"; };
		84485B831DACC230000AF2EC /* DateHelper.h */ = {isa = PBXFileReference; fileEncoding = 4; lastKnownFileType = sourcecode.c.h; path = DateHelper.h; sourceTree = "<group>"; };
		84485B841DACC230000AF2EC /* DateHelper.m */ = {isa = PBXFileReference; fileEncoding = 4; lastKnownFileType = sourcecode.c.objc; path = DateHelper.m; sourceTree = "<group>"; };
		847002791D9E555E006384CC /* YYVideoView.h */ = {isa = PBXFileReference; fileEncoding = 4; lastKnownFileType = sourcecode.c.h; path = YYVideoView.h; sourceTree = "<group>"; };
		8470027A1D9E555E006384CC /* YYVideoView.m */ = {isa = PBXFileReference; fileEncoding = 4; lastKnownFileType = sourcecode.c.objc; path = YYVideoView.m; sourceTree = "<group>"; };
		848A10C51DAB73D4003F24CE /* MyExpandTableView.h */ = {isa = PBXFileReference; fileEncoding = 4; lastKnownFileType = sourcecode.c.h; path = MyExpandTableView.h; sourceTree = "<group>"; };
		848A10C61DAB73D4003F24CE /* MyExpandTableView.m */ = {isa = PBXFileReference; fileEncoding = 4; lastKnownFileType = sourcecode.c.objc; path = MyExpandTableView.m; sourceTree = "<group>"; };
		848A10C91DAB7E42003F24CE /* BeanObjectHelper.h */ = {isa = PBXFileReference; fileEncoding = 4; lastKnownFileType = sourcecode.c.h; path = BeanObjectHelper.h; sourceTree = "<group>"; };
		848A10CA1DAB7E42003F24CE /* BeanObjectHelper.m */ = {isa = PBXFileReference; fileEncoding = 4; lastKnownFileType = sourcecode.c.objc; path = BeanObjectHelper.m; sourceTree = "<group>"; };
		848A10CC1DAB7FBF003F24CE /* BeanObject.h */ = {isa = PBXFileReference; fileEncoding = 4; lastKnownFileType = sourcecode.c.h; path = BeanObject.h; sourceTree = "<group>"; };
		848A10CD1DAB7FBF003F24CE /* BeanObject.m */ = {isa = PBXFileReference; fileEncoding = 4; lastKnownFileType = sourcecode.c.objc; path = BeanObject.m; sourceTree = "<group>"; };
		84D2E3EA1D94F4B500BD0002 /* RealDataViewController.h */ = {isa = PBXFileReference; fileEncoding = 4; lastKnownFileType = sourcecode.c.h; path = RealDataViewController.h; sourceTree = "<group>"; };
		84D2E3EB1D94F4B500BD0002 /* RealDataViewController.m */ = {isa = PBXFileReference; fileEncoding = 4; lastKnownFileType = sourcecode.c.objc; path = RealDataViewController.m; sourceTree = "<group>"; };
		84DD4BE81DAB4573009CCC90 /* YYTabViewController.h */ = {isa = PBXFileReference; fileEncoding = 4; lastKnownFileType = sourcecode.c.h; path = YYTabViewController.h; sourceTree = "<group>"; };
		84DD4BE91DAB4574009CCC90 /* YYTabViewController.m */ = {isa = PBXFileReference; fileEncoding = 4; lastKnownFileType = sourcecode.c.objc; path = YYTabViewController.m; sourceTree = "<group>"; };
		84E97BE21D9E1E6E00D3D25B /* SQMenuShowCell.h */ = {isa = PBXFileReference; fileEncoding = 4; lastKnownFileType = sourcecode.c.h; path = SQMenuShowCell.h; sourceTree = "<group>"; };
		84E97BE31D9E1E6E00D3D25B /* SQMenuShowCell.m */ = {isa = PBXFileReference; fileEncoding = 4; lastKnownFileType = sourcecode.c.objc; path = SQMenuShowCell.m; sourceTree = "<group>"; };
		84E97BE41D9E1E6E00D3D25B /* SQMenuShowCell.xib */ = {isa = PBXFileReference; fileEncoding = 4; lastKnownFileType = file.xib; path = SQMenuShowCell.xib; sourceTree = "<group>"; };
		84E97BE51D9E1E6E00D3D25B /* SQMenuShowView.h */ = {isa = PBXFileReference; fileEncoding = 4; lastKnownFileType = sourcecode.c.h; path = SQMenuShowView.h; sourceTree = "<group>"; };
		84E97BE61D9E1E6E00D3D25B /* SQMenuShowView.m */ = {isa = PBXFileReference; fileEncoding = 4; lastKnownFileType = sourcecode.c.objc; path = SQMenuShowView.m; sourceTree = "<group>"; };
		84EA6A7B1D90E9B30075433D /* SPackage.h */ = {isa = PBXFileReference; fileEncoding = 4; lastKnownFileType = sourcecode.c.h; path = SPackage.h; sourceTree = "<group>"; };
		84EA6A7C1D90E9B30075433D /* SPackage.m */ = {isa = PBXFileReference; fileEncoding = 4; lastKnownFileType = sourcecode.c.objc; path = SPackage.m; sourceTree = "<group>"; };
		A2B1DDAF3C0E07E219239944 /* Pods-farmingFish.debug.xcconfig */ = {isa = PBXFileReference; includeInIndex = 1; lastKnownFileType = text.xcconfig; name = "Pods-farmingFish.debug.xcconfig"; path = "Pods/Target Support Files/Pods-farmingFish/Pods-farmingFish.debug.xcconfig"; sourceTree = "<group>"; };
/* End PBXFileReference section */

/* Begin PBXFrameworksBuildPhase section */
		187BC95E1D22A05200FB5678 /* Frameworks */ = {
			isa = PBXFrameworksBuildPhase;
			buildActionMask = 2147483647;
			files = (
				182A9DA21DD9EDB7004B4884 /* libHCCore_sim.a in Frameworks */,
				182A9DA31DD9EDB7004B4884 /* libHCNetSDK_sim.a in Frameworks */,
				182A9DA41DD9EDB7004B4884 /* libPlayCtrl_sim.a in Frameworks */,
				182A9DA51DD9EDB7004B4884 /* libtinyxml_sim.a in Frameworks */,
				182A9D981DD9EDAF004B4884 /* libAudioEngine_64.a in Frameworks */,
				182A9D991DD9EDAF004B4884 /* libHCCore.a in Frameworks */,
				182A9D9A1DD9EDAF004B4884 /* libHCNetSDK.a in Frameworks */,
				182A9D9B1DD9EDAF004B4884 /* libplayctrl.a in Frameworks */,
				182A9D9C1DD9EDAF004B4884 /* libSystemTransform.a in Frameworks */,
				182A9D9D1DD9EDAF004B4884 /* libtinyxml.a in Frameworks */,
				18EDAB461D43670A0071FFE8 /* libiconv.tbd in Frameworks */,
				18EDAB481D4367150071FFE8 /* QuartzCore.framework in Frameworks */,
				18EDAB4A1D43671D0071FFE8 /* CoreVideo.framework in Frameworks */,
				18EDAB4C1D4367260071FFE8 /* CoreMedia.framework in Frameworks */,
				18EDAB4E1D43672E0071FFE8 /* GLKit.framework in Frameworks */,
				18EDAB501D4367390071FFE8 /* VideoToolbox.framework in Frameworks */,
				18EDAB521D43673F0071FFE8 /* AudioToolbox.framework in Frameworks */,
				18EDAB541D4367460071FFE8 /* Foundation.framework in Frameworks */,
				18EDAB561D43674E0071FFE8 /* UIKit.framework in Frameworks */,
				18EDAB581D4367570071FFE8 /* CoreGraphics.framework in Frameworks */,
				18EDAB5A1D4367600071FFE8 /* OpenGLES.framework in Frameworks */,
				18EDAB5C1D4367730071FFE8 /* OpenAL.framework in Frameworks */,
				181452641DD46A1500B60B79 /* SystemConfiguration.framework in Frameworks */,
				8410BAC21DA8CC620040B3D5 /* AssetsLibrary.framework in Frameworks */,
				BE1957C55FBFA9E91269DC73 /* libPods-farmingFish.a in Frameworks */,
			);
			runOnlyForDeploymentPostprocessing = 0;
		};
/* End PBXFrameworksBuildPhase section */

/* Begin PBXGroup section */
		17520C37DDA59B9741C64B85 /* Pods */ = {
			isa = PBXGroup;
			children = (
				A2B1DDAF3C0E07E219239944 /* Pods-farmingFish.debug.xcconfig */,
				2CA6ABEA6762B806F8B3F708 /* Pods-farmingFish.release.xcconfig */,
			);
			name = Pods;
			sourceTree = "<group>";
		};
		180AB9631DCECE4F00054015 /* funcvc */ = {
			isa = PBXGroup;
			children = (
				18EEBFF61DB370AD00CED79A /* HistoryViewController.h */,
				18EEBFF71DB370AD00CED79A /* HistoryViewController.m */,
				84D2E3EA1D94F4B500BD0002 /* RealDataViewController.h */,
				84D2E3EB1D94F4B500BD0002 /* RealDataViewController.m */,
				8416228C1DAE30D4000D269A /* DataControlViewController.h */,
				8416228D1DAE30D4000D269A /* DataControlViewController.m */,
				18EEBFF31DB3707F00CED79A /* SettingsViewController.h */,
				18EEBFF41DB3707F00CED79A /* SettingsViewController.m */,
				18EEBFF01DB3700300CED79A /* NewsViewController.h */,
				18EEBFF11DB3700300CED79A /* NewsViewController.m */,
				180AB9601DCECDB900054015 /* MoreViewController.h */,
				180AB9611DCECDB900054015 /* MoreViewController.m */,
				180AB9641DCECEBC00054015 /* YYAlertViewController.h */,
				180AB9651DCECEBC00054015 /* YYAlertViewController.m */,
			);
			name = funcvc;
			sourceTree = "<group>";
		};
		180F0F541D23E3E70021760A /* service */ = {
			isa = PBXGroup;
			children = (
				180F0F561D23E4190021760A /* socket */,
				180F0F551D23E3F20021760A /* http */,
			);
			name = service;
			sourceTree = "<group>";
		};
		180F0F551D23E3F20021760A /* http */ = {
			isa = PBXGroup;
			children = (
				181796961D818806000953BF /* FService.h */,
				181796971D818806000953BF /* FService.m */,
			);
			name = http;
			sourceTree = "<group>";
		};
		180F0F561D23E4190021760A /* socket */ = {
			isa = PBXGroup;
			children = (
				1861B7531D8824E5008CD63C /* File.java */,
				1861B7551D883118008CD63C /* SocketService.h */,
				1861B7561D883118008CD63C /* SocketService.m */,
				84EA6A7B1D90E9B30075433D /* SPackage.h */,
				84EA6A7C1D90E9B30075433D /* SPackage.m */,
				180AB9671DCF0CE400054015 /* ConstansManager.h */,
				180AB9681DCF0CE400054015 /* ConstansManager.m */,
			);
			name = socket;
			sourceTree = "<group>";
		};
		180F0F571D23E4690021760A /* viewcontroller */ = {
			isa = PBXGroup;
			children = (
				180AB9631DCECE4F00054015 /* funcvc */,
				187AB9421DC9F31F00FD295D /* collectioncell */,
				18EC4EE81D976C2D009246C2 /* tableview */,
				18EDAB291D4360BB0071FFE8 /* video */,
				187BC96A1D22A05200FB5678 /* LoginViewController.h */,
				187BC96B1D22A05200FB5678 /* LoginViewController.m */,
				18E7BE861D26891000729DCA /* MainViewController.h */,
				18E7BE871D26891000729DCA /* MainViewController.m */,
				1888AF751D8B9900000ECAF5 /* UIViewController+Extension.h */,
				1888AF761D8B9900000ECAF5 /* UIViewController+Extension.m */,
				84DD4BE81DAB4573009CCC90 /* YYTabViewController.h */,
				84DD4BE91DAB4574009CCC90 /* YYTabViewController.m */,
				18EA3FB91DC4C9BB008475B6 /* UIWebViewController.h */,
				18EA3FBA1DC4C9BB008475B6 /* UIWebViewController.m */,
			);
			name = viewcontroller;
			sourceTree = "<group>";
		};
		187AB9421DC9F31F00FD295D /* collectioncell */ = {
			isa = PBXGroup;
			children = (
				187AB9431DCA087900FD295D /* YYColleCollectionViewCell.h */,
				187AB9441DCA087900FD295D /* YYColleCollectionViewCell.m */,
				187AB9451DCA087900FD295D /* YYColleCollectionViewCell.xib */,
			);
			name = collectioncell;
			sourceTree = "<group>";
		};
		187BC9581D22A05200FB5678 = {
			isa = PBXGroup;
			children = (
				187BC9631D22A05200FB5678 /* farmingFish */,
				187BC9621D22A05200FB5678 /* Products */,
				36FA035931426E1F0BDC41FD /* Frameworks */,
				17520C37DDA59B9741C64B85 /* Pods */,
			);
			sourceTree = "<group>";
		};
		187BC9621D22A05200FB5678 /* Products */ = {
			isa = PBXGroup;
			children = (
				187BC9611D22A05200FB5678 /* farmingFish.app */,
			);
			name = Products;
			sourceTree = "<group>";
		};
		187BC9631D22A05200FB5678 /* farmingFish */ = {
			isa = PBXGroup;
			children = (
				84485B7A1DACA88B000AF2EC /* weather */,
				848A10C81DAB7DEC003F24CE /* Helper */,
				18EBA9221D839CFA00184A6F /* JSONKit */,
				18EDAB2D1D4361F00071FFE8 /* extension */,
				180F0F571D23E4690021760A /* viewcontroller */,
				180F0F541D23E3E70021760A /* service */,
				187BC9671D22A05200FB5678 /* AppDelegate.h */,
				187BC9681D22A05200FB5678 /* AppDelegate.m */,
				180A27441DCC33C7002ECF63 /* AppConfig.pch */,
				187BC96D1D22A05200FB5678 /* Main.storyboard */,
				187BC9701D22A05200FB5678 /* Assets.xcassets */,
				187BC9721D22A05200FB5678 /* LaunchScreen.storyboard */,
				18EDCCAC1D8A21510075D436 /* InfoPlist.strings */,
				187BC9751D22A05200FB5678 /* Info.plist */,
				187BC9641D22A05200FB5678 /* Supporting Files */,
			);
			path = farmingFish;
			sourceTree = "<group>";
		};
		187BC9641D22A05200FB5678 /* Supporting Files */ = {
			isa = PBXGroup;
			children = (
				187BC9651D22A05200FB5678 /* main.m */,
			);
			name = "Supporting Files";
			sourceTree = "<group>";
		};
		18EBA9221D839CFA00184A6F /* JSONKit */ = {
			isa = PBXGroup;
			children = (
				18EBA9231D839D0A00184A6F /* JSONKit.h */,
				18EBA9241D839D0A00184A6F /* JSONKit.m */,
			);
			name = JSONKit;
			sourceTree = "<group>";
		};
		18EC4EE81D976C2D009246C2 /* tableview */ = {
			isa = PBXGroup;
			children = (
				848A10C51DAB73D4003F24CE /* MyExpandTableView.h */,
				848A10C61DAB73D4003F24CE /* MyExpandTableView.m */,
				18EC4EE91D976F55009246C2 /* RealDataTableView.h */,
				18EC4EEA1D976F55009246C2 /* RealDataTableView.m */,
				18EC4EEC1D977301009246C2 /* RealDataTableViewCell.h */,
				18EC4EED1D977301009246C2 /* RealDataTableViewCell.m */,
				18EC4EEE1D977301009246C2 /* RealDataTableViewCell.xib */,
				8414DC8D1D9A027900CBC8CC /* DeviceControlTableView.h */,
				8414DC8E1D9A027900CBC8CC /* DeviceControlTableView.m */,
				8414DC901D9A030F00CBC8CC /* DeviceControlTableViewCell.h */,
				8414DC911D9A030F00CBC8CC /* DeviceControlTableViewCell.m */,
				8414DC921D9A030F00CBC8CC /* DeviceControlTableViewCell.xib */,
				8416228F1DAE3232000D269A /* ExpandControlView.h */,
				841622901DAE3232000D269A /* ExpandControlView.m */,
				18EC36821DB661BE001149FE /* ExpandHistoryView.h */,
				18EC36831DB661BE001149FE /* ExpandHistoryView.m */,
				1856D4301DD0142A005CFB62 /* HistoryTableView.h */,
				1856D4311DD0142A005CFB62 /* HistoryTableView.m */,
				18C944AD1DE47C2B00BF1587 /* ParamsTableViewCell.h */,
				18C944AE1DE47C2B00BF1587 /* ParamsTableViewCell.m */,
				18C944AF1DE47C2B00BF1587 /* ParamsTableViewCell.xib */,
			);
			name = tableview;
			sourceTree = "<group>";
		};
		18EDAB291D4360BB0071FFE8 /* video */ = {
			isa = PBXGroup;
			children = (
				18EDAB2E1D4362EA0071FFE8 /* include */,
				18EDAB2A1D4360D40071FFE8 /* VideoViewController.h */,
				18EDAB2B1D4360D40071FFE8 /* VideoViewController.mm */,
				18EDAB601D4376230071FFE8 /* VideoCollectionViewCell.h */,
				18EDAB611D4376230071FFE8 /* VideoCollectionViewCell.m */,
				18EDAB621D4376230071FFE8 /* VideoCollectionViewCell.xib */,
			);
			name = video;
			sourceTree = "<group>";
		};
		18EDAB2D1D4361F00071FFE8 /* extension */ = {
			isa = PBXGroup;
			children = (
				84E97BE11D9E1E6E00D3D25B /* SQMenuShowView */,
				18E7BE891D268BC600729DCA /* UIColor+hexStr.h */,
				18E7BE8A1D268BC600729DCA /* UIColor+hexStr.m */,
				1836931B1D962C6D00353868 /* YYStatusView.h */,
				1836931C1D962C6D00353868 /* YYStatusView.m */,
				847002791D9E555E006384CC /* YYVideoView.h */,
				8470027A1D9E555E006384CC /* YYVideoView.m */,
				1816B9561DCAEF9700077BF4 /* YYButton.h */,
				1816B9571DCAEF9700077BF4 /* YYButton.m */,
				181659A71DDDC81F007A185C /* View+point.h */,
				181659A81DDDC81F007A185C /* View+point.m */,
			);
			name = extension;
			sourceTree = "<group>";
		};
		18EDAB2E1D4362EA0071FFE8 /* include */ = {
			isa = PBXGroup;
			children = (
				18A72EFC1D44374F00E15141 /* AudioEngine.h */,
				18A72EF91D44373F00E15141 /* VoiceTalk.h */,
				18A72EFA1D44373F00E15141 /* VoiceTalk.mm */,
				18EDAB5D1D43697E0071FFE8 /* DeviceInfo.h */,
				18EDAB5E1D43697E0071FFE8 /* DeviceInfo.m */,
				18A72EF61D4431F700E15141 /* Preview.h */,
				18A72EF71D4431F700E15141 /* Preview.mm */,
				18EDAB2F1D4362EA0071FFE8 /* hcnetsdk.h */,
				18EDAB301D4362EA0071FFE8 /* IOSPlayM4.h */,
			);
			path = include;
			sourceTree = "<group>";
		};
		36FA035931426E1F0BDC41FD /* Frameworks */ = {
			isa = PBXGroup;
			children = (
				182A9D9E1DD9EDB7004B4884 /* libHCCore_sim.a */,
				182A9D9F1DD9EDB7004B4884 /* libHCNetSDK_sim.a */,
				182A9DA01DD9EDB7004B4884 /* libPlayCtrl_sim.a */,
				182A9DA11DD9EDB7004B4884 /* libtinyxml_sim.a */,
				182A9D921DD9EDAF004B4884 /* libAudioEngine_64.a */,
				182A9D931DD9EDAF004B4884 /* libHCCore.a */,
				182A9D941DD9EDAF004B4884 /* libHCNetSDK.a */,
				182A9D951DD9EDAF004B4884 /* libplayctrl.a */,
				182A9D961DD9EDAF004B4884 /* libSystemTransform.a */,
				182A9D971DD9EDAF004B4884 /* libtinyxml.a */,
				181452631DD46A1500B60B79 /* SystemConfiguration.framework */,
				8410BAC11DA8CC620040B3D5 /* AssetsLibrary.framework */,
				18EDAB5B1D4367730071FFE8 /* OpenAL.framework */,
				18EDAB591D4367600071FFE8 /* OpenGLES.framework */,
				18EDAB571D4367570071FFE8 /* CoreGraphics.framework */,
				18EDAB551D43674E0071FFE8 /* UIKit.framework */,
				18EDAB531D4367460071FFE8 /* Foundation.framework */,
				18EDAB511D43673F0071FFE8 /* AudioToolbox.framework */,
				18EDAB4F1D4367390071FFE8 /* VideoToolbox.framework */,
				18EDAB4D1D43672E0071FFE8 /* GLKit.framework */,
				18EDAB4B1D4367260071FFE8 /* CoreMedia.framework */,
				18EDAB491D43671D0071FFE8 /* CoreVideo.framework */,
				18EDAB471D4367150071FFE8 /* QuartzCore.framework */,
				18EDAB451D43670A0071FFE8 /* libiconv.tbd */,
				18EDAB3D1D4366D50071FFE8 /* libHCCore_sim.a */,
				18EDAB3E1D4366D50071FFE8 /* libHCNetSDK_sim.a */,
				18EDAB3F1D4366D50071FFE8 /* libPlayCtrl_sim.a */,
				18EDAB401D4366D50071FFE8 /* libtinyxml_sim.a */,
				18EDAB311D4363DA0071FFE8 /* libAudioEngine_64.a */,
				18EDAB321D4363DA0071FFE8 /* libHCCore.a */,
				18EDAB331D4363DA0071FFE8 /* libHCNetSDK.a */,
				18EDAB341D4363DA0071FFE8 /* libplayctrl.a */,
				18EDAB351D4363DA0071FFE8 /* libSystemTransform.a */,
				18EDAB361D4363DA0071FFE8 /* libtinyxml.a */,
				3463BF14C7240729B0EAFEC1 /* libPods-farmingFish.a */,
			);
			name = Frameworks;
			sourceTree = "<group>";
		};
		84485B7A1DACA88B000AF2EC /* weather */ = {
			isa = PBXGroup;
			children = (
				84485B7B1DACA8C7000AF2EC /* YYWeatherService.h */,
				84485B7C1DACA8C7000AF2EC /* YYWeatherService.m */,
				8418A7BA1DACD4E400251DF7 /* weatherView.xib */,
				8418A7BC1DACE07600251DF7 /* WeatherShowManager.h */,
				8418A7BD1DACE07600251DF7 /* WeatherShowManager.m */,
			);
			name = weather;
			sourceTree = "<group>";
		};
		848A10C81DAB7DEC003F24CE /* Helper */ = {
			isa = PBXGroup;
			children = (
				181452601DD469EF00B60B79 /* Reachability.h */,
				181452611DD469EF00B60B79 /* Reachability.m */,
				84485B801DACBE84000AF2EC /* WeatherHelper.h */,
				84485B811DACBE84000AF2EC /* WeatherHelper.m */,
				84485B831DACC230000AF2EC /* DateHelper.h */,
				84485B841DACC230000AF2EC /* DateHelper.m */,
				848A10C91DAB7E42003F24CE /* BeanObjectHelper.h */,
				848A10CA1DAB7E42003F24CE /* BeanObjectHelper.m */,
				848A10CC1DAB7FBF003F24CE /* BeanObject.h */,
				848A10CD1DAB7FBF003F24CE /* BeanObject.m */,
				180A27401DCC1FD9002ECF63 /* GradientHelper.h */,
				180A27411DCC1FD9002ECF63 /* GradientHelper.m */,
				18F835101DDFF6650019D3D3 /* CacheHelper.h */,
				18F835111DDFF6650019D3D3 /* CacheHelper.m */,
			);
			name = Helper;
			sourceTree = "<group>";
		};
		84E97BE11D9E1E6E00D3D25B /* SQMenuShowView */ = {
			isa = PBXGroup;
			children = (
				84E97BE21D9E1E6E00D3D25B /* SQMenuShowCell.h */,
				84E97BE31D9E1E6E00D3D25B /* SQMenuShowCell.m */,
				84E97BE41D9E1E6E00D3D25B /* SQMenuShowCell.xib */,
				84E97BE51D9E1E6E00D3D25B /* SQMenuShowView.h */,
				84E97BE61D9E1E6E00D3D25B /* SQMenuShowView.m */,
			);
			path = SQMenuShowView;
			sourceTree = "<group>";
		};
/* End PBXGroup section */

/* Begin PBXNativeTarget section */
		187BC9601D22A05200FB5678 /* farmingFish */ = {
			isa = PBXNativeTarget;
			buildConfigurationList = 187BC9781D22A05200FB5678 /* Build configuration list for PBXNativeTarget "farmingFish" */;
			buildPhases = (
				B92EC23269D96266050E0592 /* [CP] Check Pods Manifest.lock */,
				187BC95D1D22A05200FB5678 /* Sources */,
				187BC95E1D22A05200FB5678 /* Frameworks */,
				187BC95F1D22A05200FB5678 /* Resources */,
				9BD06EC5606BC30D5D288F1D /* [CP] Embed Pods Frameworks */,
				B3F2EC0ECDC32CB6886DB54C /* [CP] Copy Pods Resources */,
			);
			buildRules = (
			);
			dependencies = (
			);
			name = farmingFish;
			productName = farmingFish;
			productReference = 187BC9611D22A05200FB5678 /* farmingFish.app */;
			productType = "com.apple.product-type.application";
		};
/* End PBXNativeTarget section */

/* Begin PBXProject section */
		187BC9591D22A05200FB5678 /* Project object */ = {
			isa = PBXProject;
			attributes = {
				LastUpgradeCheck = 0730;
				ORGANIZATIONNAME = "雨神 623240480@qq.com";
				TargetAttributes = {
					187BC9601D22A05200FB5678 = {
						CreatedOnToolsVersion = 7.3.1;
						DevelopmentTeam = HLQ3A9KFRW;
					};
				};
			};
			buildConfigurationList = 187BC95C1D22A05200FB5678 /* Build configuration list for PBXProject "farmingFish" */;
			compatibilityVersion = "Xcode 3.2";
			developmentRegion = English;
			hasScannedForEncodings = 0;
			knownRegions = (
				en,
				Base,
			);
			mainGroup = 187BC9581D22A05200FB5678;
			productRefGroup = 187BC9621D22A05200FB5678 /* Products */;
			projectDirPath = "";
			projectRoot = "";
			targets = (
				187BC9601D22A05200FB5678 /* farmingFish */,
			);
		};
/* End PBXProject section */

/* Begin PBXResourcesBuildPhase section */
		187BC95F1D22A05200FB5678 /* Resources */ = {
			isa = PBXResourcesBuildPhase;
			buildActionMask = 2147483647;
			files = (
				8418A7BB1DACD4E400251DF7 /* weatherView.xib in Resources */,
				187BC9741D22A05200FB5678 /* LaunchScreen.storyboard in Resources */,
				187AB9471DCA087900FD295D /* YYColleCollectionViewCell.xib in Resources */,
				18EC4EF01D977301009246C2 /* RealDataTableViewCell.xib in Resources */,
				8414DC941D9A030F00CBC8CC /* DeviceControlTableViewCell.xib in Resources */,
				187BC9711D22A05200FB5678 /* Assets.xcassets in Resources */,
				18EDAB641D4376230071FFE8 /* VideoCollectionViewCell.xib in Resources */,
				84E97BE81D9E1E6E00D3D25B /* SQMenuShowCell.xib in Resources */,
				18C944B11DE47C2B00BF1587 /* ParamsTableViewCell.xib in Resources */,
				187BC96F1D22A05200FB5678 /* Main.storyboard in Resources */,
				18EDCCAD1D8A21510075D436 /* InfoPlist.strings in Resources */,
			);
			runOnlyForDeploymentPostprocessing = 0;
		};
/* End PBXResourcesBuildPhase section */

/* Begin PBXShellScriptBuildPhase section */
		9BD06EC5606BC30D5D288F1D /* [CP] Embed Pods Frameworks */ = {
			isa = PBXShellScriptBuildPhase;
			buildActionMask = 2147483647;
			files = (
			);
			inputPaths = (
			);
			name = "[CP] Embed Pods Frameworks";
			outputPaths = (
			);
			runOnlyForDeploymentPostprocessing = 0;
			shellPath = /bin/sh;
			shellScript = "\"${SRCROOT}/Pods/Target Support Files/Pods-farmingFish/Pods-farmingFish-frameworks.sh\"\n";
			showEnvVarsInLog = 0;
		};
		B3F2EC0ECDC32CB6886DB54C /* [CP] Copy Pods Resources */ = {
			isa = PBXShellScriptBuildPhase;
			buildActionMask = 2147483647;
			files = (
			);
			inputPaths = (
			);
			name = "[CP] Copy Pods Resources";
			outputPaths = (
			);
			runOnlyForDeploymentPostprocessing = 0;
			shellPath = /bin/sh;
			shellScript = "\"${SRCROOT}/Pods/Target Support Files/Pods-farmingFish/Pods-farmingFish-resources.sh\"\n";
			showEnvVarsInLog = 0;
		};
		B92EC23269D96266050E0592 /* [CP] Check Pods Manifest.lock */ = {
			isa = PBXShellScriptBuildPhase;
			buildActionMask = 2147483647;
			files = (
			);
			inputPaths = (
			);
			name = "[CP] Check Pods Manifest.lock";
			outputPaths = (
			);
			runOnlyForDeploymentPostprocessing = 0;
			shellPath = /bin/sh;
			shellScript = "diff \"${PODS_ROOT}/../Podfile.lock\" \"${PODS_ROOT}/Manifest.lock\" > /dev/null\nif [ $? != 0 ] ; then\n    # print error to STDERR\n    echo \"error: The sandbox is not in sync with the Podfile.lock. Run 'pod install' or update your CocoaPods installation.\" >&2\n    exit 1\nfi\n";
			showEnvVarsInLog = 0;
		};
/* End PBXShellScriptBuildPhase section */

/* Begin PBXSourcesBuildPhase section */
		187BC95D1D22A05200FB5678 /* Sources */ = {
			isa = PBXSourcesBuildPhase;
			buildActionMask = 2147483647;
			files = (
				18F835121DDFF6650019D3D3 /* CacheHelper.m in Sources */,
				181659A91DDDC81F007A185C /* View+point.m in Sources */,
				187BC96C1D22A05200FB5678 /* LoginViewController.m in Sources */,
				1836931D1D962C6D00353868 /* YYStatusView.m in Sources */,
				8416228E1DAE30D4000D269A /* DataControlViewController.m in Sources */,
				84EA6A7D1D90E9B30075433D /* SPackage.m in Sources */,
				180A27421DCC1FD9002ECF63 /* GradientHelper.m in Sources */,
				187AB9461DCA087900FD295D /* YYColleCollectionViewCell.m in Sources */,
				1816B9581DCAEF9700077BF4 /* YYButton.m in Sources */,
				1861B7571D883118008CD63C /* SocketService.m in Sources */,
				848A10CB1DAB7E42003F24CE /* BeanObjectHelper.m in Sources */,
				180AB9621DCECDB900054015 /* MoreViewController.m in Sources */,
				181452621DD469F000B60B79 /* Reachability.m in Sources */,
				18EC4EEF1D977301009246C2 /* RealDataTableViewCell.m in Sources */,
				180AB9661DCECEBC00054015 /* YYAlertViewController.m in Sources */,
				84DD4BEA1DAB4574009CCC90 /* YYTabViewController.m in Sources */,
				18EEBFF21DB3700300CED79A /* NewsViewController.m in Sources */,
				84E97BE91D9E1E6E00D3D25B /* SQMenuShowView.m in Sources */,
				848A10C71DAB73D5003F24CE /* MyExpandTableView.m in Sources */,
				18EEBFF51DB3707F00CED79A /* SettingsViewController.m in Sources */,
				84D2E3EC1D94F4B500BD0002 /* RealDataViewController.m in Sources */,
				187BC9691D22A05200FB5678 /* AppDelegate.m in Sources */,
				18EDAB5F1D43697E0071FFE8 /* DeviceInfo.m in Sources */,
				1856D4321DD0142A005CFB62 /* HistoryTableView.m in Sources */,
				1888AF771D8B9900000ECAF5 /* UIViewController+Extension.m in Sources */,
				841622911DAE3232000D269A /* ExpandControlView.m in Sources */,
				180AB9691DCF0CE400054015 /* ConstansManager.m in Sources */,
				18C944B01DE47C2B00BF1587 /* ParamsTableViewCell.m in Sources */,
				181796981D818806000953BF /* FService.m in Sources */,
				18E7BE8B1D268BC600729DCA /* UIColor+hexStr.m in Sources */,
				8414DC931D9A030F00CBC8CC /* DeviceControlTableViewCell.m in Sources */,
				18EBA9251D839D0A00184A6F /* JSONKit.m in Sources */,
				84E97BE71D9E1E6E00D3D25B /* SQMenuShowCell.m in Sources */,
				18EC4EEB1D976F55009246C2 /* RealDataTableView.m in Sources */,
				8470027B1D9E555E006384CC /* YYVideoView.m in Sources */,
				84485B851DACC230000AF2EC /* DateHelper.m in Sources */,
				18EA3FBC1DC4C9BB008475B6 /* UIWebViewController.m in Sources */,
				18EDAB631D4376230071FFE8 /* VideoCollectionViewCell.m in Sources */,
				18A72EF81D4431F700E15141 /* Preview.mm in Sources */,
				18EC36841DB661BE001149FE /* ExpandHistoryView.m in Sources */,
				8414DC8F1D9A027900CBC8CC /* DeviceControlTableView.m in Sources */,
				84485B7D1DACA8C7000AF2EC /* YYWeatherService.m in Sources */,
				848A10CE1DAB7FBF003F24CE /* BeanObject.m in Sources */,
				84485B821DACBE84000AF2EC /* WeatherHelper.m in Sources */,
				18EEBFF81DB370AD00CED79A /* HistoryViewController.m in Sources */,
				18EDAB2C1D4360D40071FFE8 /* VideoViewController.mm in Sources */,
				187BC9661D22A05200FB5678 /* main.m in Sources */,
				18E7BE881D26891000729DCA /* MainViewController.m in Sources */,
				18A72EFB1D44373F00E15141 /* VoiceTalk.mm in Sources */,
				1861B7541D8824E5008CD63C /* File.java in Sources */,
				8418A7BE1DACE07600251DF7 /* WeatherShowManager.m in Sources */,
			);
			runOnlyForDeploymentPostprocessing = 0;
		};
/* End PBXSourcesBuildPhase section */

/* Begin PBXVariantGroup section */
		187BC96D1D22A05200FB5678 /* Main.storyboard */ = {
			isa = PBXVariantGroup;
			children = (
				187BC96E1D22A05200FB5678 /* Base */,
			);
			name = Main.storyboard;
			sourceTree = "<group>";
		};
		187BC9721D22A05200FB5678 /* LaunchScreen.storyboard */ = {
			isa = PBXVariantGroup;
			children = (
				187BC9731D22A05200FB5678 /* Base */,
			);
			name = LaunchScreen.storyboard;
			sourceTree = "<group>";
		};
/* End PBXVariantGroup section */

/* Begin XCBuildConfiguration section */
		187BC9761D22A05200FB5678 /* Debug */ = {
			isa = XCBuildConfiguration;
			buildSettings = {
				ALWAYS_SEARCH_USER_PATHS = NO;
				CLANG_ANALYZER_NONNULL = YES;
				CLANG_CXX_LANGUAGE_STANDARD = "gnu++0x";
				CLANG_CXX_LIBRARY = "libc++";
				CLANG_ENABLE_MODULES = YES;
				CLANG_ENABLE_OBJC_ARC = YES;
				CLANG_WARN_BOOL_CONVERSION = YES;
				CLANG_WARN_CONSTANT_CONVERSION = YES;
				CLANG_WARN_DIRECT_OBJC_ISA_USAGE = YES_ERROR;
				CLANG_WARN_EMPTY_BODY = YES;
				CLANG_WARN_ENUM_CONVERSION = YES;
				CLANG_WARN_INT_CONVERSION = YES;
				CLANG_WARN_OBJC_ROOT_CLASS = YES_ERROR;
				CLANG_WARN_UNREACHABLE_CODE = YES;
				CLANG_WARN__DUPLICATE_METHOD_MATCH = YES;
				"CODE_SIGN_IDENTITY[sdk=iphoneos*]" = "iPhone Developer";
				COPY_PHASE_STRIP = NO;
				DEBUG_INFORMATION_FORMAT = dwarf;
				ENABLE_STRICT_OBJC_MSGSEND = YES;
				ENABLE_TESTABILITY = YES;
				GCC_C_LANGUAGE_STANDARD = gnu99;
				GCC_DYNAMIC_NO_PIC = NO;
				GCC_NO_COMMON_BLOCKS = YES;
				GCC_OPTIMIZATION_LEVEL = 0;
				GCC_PREPROCESSOR_DEFINITIONS = (
					"DEBUG=1",
					"$(inherited)",
				);
				GCC_WARN_64_TO_32_BIT_CONVERSION = YES;
				GCC_WARN_ABOUT_RETURN_TYPE = YES_ERROR;
				GCC_WARN_UNDECLARED_SELECTOR = YES;
				GCC_WARN_UNINITIALIZED_AUTOS = YES_AGGRESSIVE;
				GCC_WARN_UNUSED_FUNCTION = YES;
				GCC_WARN_UNUSED_VARIABLE = YES;
				IPHONEOS_DEPLOYMENT_TARGET = 9.3;
				MTL_ENABLE_DEBUG_INFO = YES;
				ONLY_ACTIVE_ARCH = YES;
				SDKROOT = iphoneos;
			};
			name = Debug;
		};
		187BC9771D22A05200FB5678 /* Release */ = {
			isa = XCBuildConfiguration;
			buildSettings = {
				ALWAYS_SEARCH_USER_PATHS = NO;
				CLANG_ANALYZER_NONNULL = YES;
				CLANG_CXX_LANGUAGE_STANDARD = "gnu++0x";
				CLANG_CXX_LIBRARY = "libc++";
				CLANG_ENABLE_MODULES = YES;
				CLANG_ENABLE_OBJC_ARC = YES;
				CLANG_WARN_BOOL_CONVERSION = YES;
				CLANG_WARN_CONSTANT_CONVERSION = YES;
				CLANG_WARN_DIRECT_OBJC_ISA_USAGE = YES_ERROR;
				CLANG_WARN_EMPTY_BODY = YES;
				CLANG_WARN_ENUM_CONVERSION = YES;
				CLANG_WARN_INT_CONVERSION = YES;
				CLANG_WARN_OBJC_ROOT_CLASS = YES_ERROR;
				CLANG_WARN_UNREACHABLE_CODE = YES;
				CLANG_WARN__DUPLICATE_METHOD_MATCH = YES;
				"CODE_SIGN_IDENTITY[sdk=iphoneos*]" = "iPhone Developer";
				COPY_PHASE_STRIP = NO;
				DEBUG_INFORMATION_FORMAT = "dwarf-with-dsym";
				ENABLE_NS_ASSERTIONS = NO;
				ENABLE_STRICT_OBJC_MSGSEND = YES;
				GCC_C_LANGUAGE_STANDARD = gnu99;
				GCC_NO_COMMON_BLOCKS = YES;
				GCC_WARN_64_TO_32_BIT_CONVERSION = YES;
				GCC_WARN_ABOUT_RETURN_TYPE = YES_ERROR;
				GCC_WARN_UNDECLARED_SELECTOR = YES;
				GCC_WARN_UNINITIALIZED_AUTOS = YES_AGGRESSIVE;
				GCC_WARN_UNUSED_FUNCTION = YES;
				GCC_WARN_UNUSED_VARIABLE = YES;
				IPHONEOS_DEPLOYMENT_TARGET = 9.3;
				MTL_ENABLE_DEBUG_INFO = NO;
				SDKROOT = iphoneos;
				VALIDATE_PRODUCT = YES;
			};
			name = Release;
		};
		187BC9791D22A05200FB5678 /* Debug */ = {
			isa = XCBuildConfiguration;
			baseConfigurationReference = A2B1DDAF3C0E07E219239944 /* Pods-farmingFish.debug.xcconfig */;
			buildSettings = {
				ASSETCATALOG_COMPILER_APPICON_NAME = AppIcon;
				ASSETCATALOG_COMPILER_LAUNCHIMAGE_NAME = LaunchImage;
				CLANG_CXX_LANGUAGE_STANDARD = "gnu++0x";
				CLANG_CXX_LIBRARY = "libc++";
				CLANG_ENABLE_MODULES = YES;
				CLANG_WARN_BOOL_CONVERSION = NO;
				CLANG_WARN_CONSTANT_CONVERSION = NO;
				CLANG_WARN_DIRECT_OBJC_ISA_USAGE = NO;
				CLANG_WARN_EMPTY_BODY = NO;
				CLANG_WARN_ENUM_CONVERSION = NO;
				CLANG_WARN_INT_CONVERSION = NO;
				CLANG_WARN_UNREACHABLE_CODE = NO;
				CLANG_WARN__DUPLICATE_METHOD_MATCH = YES;
				CODE_SIGN_IDENTITY = "iPhone Developer";
				"CODE_SIGN_IDENTITY[sdk=iphoneos*]" = "iPhone Developer";
				DEBUG_INFORMATION_FORMAT = "dwarf-with-dsym";
				DEVELOPMENT_TEAM = HLQ3A9KFRW;
				ENABLE_BITCODE = NO;
				ENABLE_TESTABILITY = NO;
				GCC_C_LANGUAGE_STANDARD = c99;
				GCC_NO_COMMON_BLOCKS = NO;
				GCC_PRECOMPILE_PREFIX_HEADER = YES;
				GCC_PREFIX_HEADER = AppConfig.pch;
				GCC_WARN_64_TO_32_BIT_CONVERSION = NO;
				"GCC_WARN_64_TO_32_BIT_CONVERSION[arch=*64]" = YES;
				GCC_WARN_UNDECLARED_SELECTOR = YES;
				GCC_WARN_UNINITIALIZED_AUTOS = NO;
				GCC_WARN_UNUSED_FUNCTION = NO;
				INFOPLIST_FILE = farmingFish/Info.plist;
				IPHONEOS_DEPLOYMENT_TARGET = 8.0;
				LD_RUNPATH_SEARCH_PATHS = "$(inherited) @executable_path/Frameworks";
				LIBRARY_SEARCH_PATHS = (
					"$(inherited)",
					"$(PROJECT_DIR)/lib/Release-iphoneos",
					"$(PROJECT_DIR)/lib/Release-iphonesimulator",
				);
				OTHER_LDFLAGS = "$(inherited)";
				PRODUCT_BUNDLE_IDENTIFIER = cn.lztech.valve;
				PRODUCT_NAME = "$(TARGET_NAME)";
				PROVISIONING_PROFILE = "";
			};
			name = Debug;
		};
		187BC97A1D22A05200FB5678 /* Release */ = {
			isa = XCBuildConfiguration;
			baseConfigurationReference = 2CA6ABEA6762B806F8B3F708 /* Pods-farmingFish.release.xcconfig */;
			buildSettings = {
				ASSETCATALOG_COMPILER_APPICON_NAME = AppIcon;
				ASSETCATALOG_COMPILER_LAUNCHIMAGE_NAME = LaunchImage;
				CLANG_CXX_LANGUAGE_STANDARD = "gnu++0x";
				CLANG_CXX_LIBRARY = "libc++";
				CLANG_ENABLE_MODULES = YES;
				CLANG_WARN_BOOL_CONVERSION = NO;
				CLANG_WARN_CONSTANT_CONVERSION = NO;
				CLANG_WARN_DIRECT_OBJC_ISA_USAGE = NO;
				CLANG_WARN_EMPTY_BODY = NO;
				CLANG_WARN_ENUM_CONVERSION = NO;
				CLANG_WARN_INT_CONVERSION = NO;
				CLANG_WARN_UNREACHABLE_CODE = NO;
				CLANG_WARN__DUPLICATE_METHOD_MATCH = YES;
				CODE_SIGN_IDENTITY = "iPhone Developer";
				"CODE_SIGN_IDENTITY[sdk=iphoneos*]" = "iPhone Developer";
				DEBUG_INFORMATION_FORMAT = "dwarf-with-dsym";
				DEVELOPMENT_TEAM = HLQ3A9KFRW;
				ENABLE_BITCODE = NO;
				GCC_C_LANGUAGE_STANDARD = c99;
				GCC_NO_COMMON_BLOCKS = NO;
				GCC_PRECOMPILE_PREFIX_HEADER = YES;
				GCC_PREFIX_HEADER = AppConfig.pch;
				"GCC_WARN_64_TO_32_BIT_CONVERSION[arch=*64]" = NO;
				GCC_WARN_UNDECLARED_SELECTOR = YES;
				GCC_WARN_UNINITIALIZED_AUTOS = NO;
				GCC_WARN_UNUSED_FUNCTION = NO;
				INFOPLIST_FILE = farmingFish/Info.plist;
				IPHONEOS_DEPLOYMENT_TARGET = 8.0;
				LD_RUNPATH_SEARCH_PATHS = "$(inherited) @executable_path/Frameworks";
				LIBRARY_SEARCH_PATHS = (
					"$(inherited)",
					"$(PROJECT_DIR)/lib/Release-iphoneos",
					"$(PROJECT_DIR)/lib/Release-iphonesimulator",
				);
				OTHER_LDFLAGS = "$(inherited)";
				PRODUCT_BUNDLE_IDENTIFIER = cn.lztech.valve;
				PRODUCT_NAME = "$(TARGET_NAME)";
				PROVISIONING_PROFILE = "";
			};
			name = Release;
		};
/* End XCBuildConfiguration section */

/* Begin XCConfigurationList section */
		187BC95C1D22A05200FB5678 /* Build configuration list for PBXProject "farmingFish" */ = {
			isa = XCConfigurationList;
			buildConfigurations = (
				187BC9761D22A05200FB5678 /* Debug */,
				187BC9771D22A05200FB5678 /* Release */,
			);
			defaultConfigurationIsVisible = 0;
			defaultConfigurationName = Release;
		};
		187BC9781D22A05200FB5678 /* Build configuration list for PBXNativeTarget "farmingFish" */ = {
			isa = XCConfigurationList;
			buildConfigurations = (
				187BC9791D22A05200FB5678 /* Debug */,
				187BC97A1D22A05200FB5678 /* Release */,
			);
			defaultConfigurationIsVisible = 0;
			defaultConfigurationName = Release;
		};
/* End XCConfigurationList section */
	};
	rootObject = 187BC9591D22A05200FB5678 /* Project object */;
}
